
Microsoft Visual Studio Solution File, Format Version 12.00
# Visual Studio Version 17
VisualStudioVersion = 17.6.33815.320
MinimumVisualStudioVersion = 10.0.40219.1
Project("{FAE04EC0-301F-11D3-BF4B-00C04F79EFBC}") = "TaskFormApp", "TaskFormApp\TaskFormApp.csproj", "{C392B381-E344-4AA1-8567-856D8D8297FA}"
EndProject
Project("{FAE04EC0-301F-11D3-BF4B-00C04F79EFBC}") = "TaskWebApp.API", "TaskWebApp.API\TaskWebApp.API.csproj", "{14DC6298-B853-4388-A0EA-F5292CAD054A}"
EndProject
Project("{FAE04EC0-301F-11D3-BF4B-00C04F79EFBC}") = "TaskConsoleApp", "..\TaskConsoleApp\TaskConsoleApp.csproj", "{97F9A16B-786A-4DFF-8C22-31FCEFDD9604}"
EndProject
Global
	GlobalSection(SolutionConfigurationPlatforms) = preSolution
		Debug|Any CPU = Debug|Any CPU
		Release|Any CPU = Release|Any CPU
	EndGlobalSection
	GlobalSection(ProjectConfigurationPlatforms) = postSolution
		{C392B381-E344-4AA1-8567-856D8D8297FA}.Debug|Any CPU.ActiveCfg = Debug|Any CPU
		{C392B381-E344-4AA1-8567-856D8D8297FA}.Debug|Any CPU.Build.0 = Debug|Any CPU
		{C392B381-E344-4AA1-8567-856D8D8297FA}.Release|Any CPU.ActiveCfg = Release|Any CPU
		{C392B381-E344-4AA1-8567-856D8D8297FA}.Release|Any CPU.Build.0 = Release|Any CPU
		{14DC6298-B853-4388-A0EA-F5292CAD054A}.Debug|Any CPU.ActiveCfg = Debug|Any CPU
		{14DC6298-B853-4388-A0EA-F5292CAD054A}.Debug|Any CPU.Build.0 = Debug|Any CPU
		{14DC6298-B853-4388-A0EA-F5292CAD054A}.Release|Any CPU.ActiveCfg = Release|Any CPU
		{14DC6298-B853-4388-A0EA-F5292CAD054A}.Release|Any CPU.Build.0 = Release|Any CPU
		{97F9A16B-786A-4DFF-8C22-31FCEFDD9604}.Debug|Any CPU.ActiveCfg = Debug|Any CPU
		{97F9A16B-786A-4DFF-8C22-31FCEFDD9604}.Debug|Any CPU.Build.0 = Debug|Any CPU
		{97F9A16B-786A-4DFF-8C22-31FCEFDD9604}.Release|Any CPU.ActiveCfg = Release|Any CPU
		{97F9A16B-786A-4DFF-8C22-31FCEFDD9604}.Release|Any CPU.Build.0 = Release|Any CPU
	EndGlobalSection
	GlobalSection(SolutionProperties) = preSolution
		HideSolutionNode = FALSE
	EndGlobalSection
	GlobalSection(ExtensibilityGlobals) = postSolution
		SolutionGuid = {18E8A8E6-6147-4662-B01C-95834052CAC2}
	EndGlobalSection
EndGlobal
